
Microsoft Visual Studio Solution File, Format Version 12.00
# Visual Studio 15
VisualStudioVersion = 15.0.28307.539
MinimumVisualStudioVersion = 10.0.40219.1
Project("{FAE04EC0-301F-11D3-BF4B-00C04F79EFBC}") = "Blog", "Blog\Blog.csproj", "{2DCCA64E-A23D-48CD-99ED-CDAF41B46697}"
EndProject
Global
	GlobalSection(SolutionConfigurationPlatforms) = preSolution
		Debug|Any CPU = Debug|Any CPU
		Release|Any CPU = Release|Any CPU
	EndGlobalSection
	GlobalSection(ProjectConfigurationPlatforms) = postSolution
		{2DCCA64E-A23D-48CD-99ED-CDAF41B46697}.Debug|Any CPU.ActiveCfg = Debug|Any CPU
		{2DCCA64E-A23D-48CD-99ED-CDAF41B46697}.Debug|Any CPU.Build.0 = Debug|Any CPU
		{2DCCA64E-A23D-48CD-99ED-CDAF41B46697}.Release|Any CPU.ActiveCfg = Release|Any CPU
		{2DCCA64E-A23D-48CD-99ED-CDAF41B46697}.Release|Any CPU.Build.0 = Release|Any CPU
	EndGlobalSection
	GlobalSection(SolutionProperties) = preSolution
		HideSolutionNode = FALSE
	EndGlobalSection
	GlobalSection(ExtensibilityGlobals) = postSolution
		SolutionGuid = {AAFEEC69-8F9E-4526-B0E7-A8E044F568B4}
	EndGlobalSection
EndGlobal
