{
  "name": "asp.net",
  "version": "1.0.0",
  "lockfileVersion": 1,
  "requires": true,
  "dependencies": {
    "trumbowyg": {
      "version": "2.15.2",
      "resolved": "https://registry.npmjs.org/trumbowyg/-/trumbowyg-2.15.2.tgz",
      "integrity": "sha512-DH3RY4t5ObQq+Gdz0wTyKRU2M/RdX3/baxgrs73UmofI0tghzbQ+X6laXnUJm/1ZXNWTLYMk37c1fLFiT04rCQ=="
    }
  }
}
